
Microsoft Visual Studio Solution File, Format Version 12.00
# Visual Studio 15
VisualStudioVersion = 15.0.28307.421
MinimumVisualStudioVersion = 10.0.40219.1
Project("{FAE04EC0-301F-11D3-BF4B-00C04F79EFBC}") = "Quick_Application1", "Quick Application1\Quick_Application1\Quick_Application1.csproj", "{D4CC00F9-96C4-4C83-8044-935947EDA170}"
EndProject
Project("{FAE04EC0-301F-11D3-BF4B-00C04F79EFBC}") = "DAL", "Quick Application1\DAL\DAL.csproj", "{B29BDB86-510E-459B-BCA4-2788EB4313E4}"
EndProject
Global
	GlobalSection(SolutionConfigurationPlatforms) = preSolution
		Debug|Any CPU = Debug|Any CPU
		Release|Any CPU = Release|Any CPU
	EndGlobalSection
	GlobalSection(ProjectConfigurationPlatforms) = postSolution
		{D4CC00F9-96C4-4C83-8044-935947EDA170}.Debug|Any CPU.ActiveCfg = Debug|Any CPU
		{D4CC00F9-96C4-4C83-8044-935947EDA170}.Debug|Any CPU.Build.0 = Debug|Any CPU
		{D4CC00F9-96C4-4C83-8044-935947EDA170}.Release|Any CPU.ActiveCfg = Release|Any CPU
		{D4CC00F9-96C4-4C83-8044-935947EDA170}.Release|Any CPU.Build.0 = Release|Any CPU
		{B29BDB86-510E-459B-BCA4-2788EB4313E4}.Debug|Any CPU.ActiveCfg = Debug|Any CPU
		{B29BDB86-510E-459B-BCA4-2788EB4313E4}.Debug|Any CPU.Build.0 = Debug|Any CPU
		{B29BDB86-510E-459B-BCA4-2788EB4313E4}.Release|Any CPU.ActiveCfg = Release|Any CPU
		{B29BDB86-510E-459B-BCA4-2788EB4313E4}.Release|Any CPU.Build.0 = Release|Any CPU
	EndGlobalSection
	GlobalSection(SolutionProperties) = preSolution
		HideSolutionNode = FALSE
	EndGlobalSection
	GlobalSection(ExtensibilityGlobals) = postSolution
		SolutionGuid = {C6CE801C-054B-4277-BC0C-FD674E2DDB4A}
	EndGlobalSection
EndGlobal
